// !$*UTF8*$!
{
	archiveVersion = 1;
	classes = {
	};
	objectVersion = 56;
	objects = {

/* Begin PBXBuildFile section */
		27C89CC02A56FF33003ED9D4 /* GiftRegisterApp.swift in Sources */ = {isa = PBXBuildFile; fileRef = 27C89CBF2A56FF33003ED9D4 /* GiftRegisterApp.swift */; };
		27C89CC22A56FF33003ED9D4 /* ContentView.swift in Sources */ = {isa = PBXBuildFile; fileRef = 27C89CC12A56FF33003ED9D4 /* ContentView.swift */; };
		27C89CC42A56FF34003ED9D4 /* Assets.xcassets in Resources */ = {isa = PBXBuildFile; fileRef = 27C89CC32A56FF34003ED9D4 /* Assets.xcassets */; };
		27C89CC72A56FF34003ED9D4 /* Preview Assets.xcassets in Resources */ = {isa = PBXBuildFile; fileRef = 27C89CC62A56FF34003ED9D4 /* Preview Assets.xcassets */; };
		27C89CD12A56FF34003ED9D4 /* GiftRegisterTests.swift in Sources */ = {isa = PBXBuildFile; fileRef = 27C89CD02A56FF34003ED9D4 /* GiftRegisterTests.swift */; };
		27C89CDB2A56FF34003ED9D4 /* GiftRegisterUITests.swift in Sources */ = {isa = PBXBuildFile; fileRef = 27C89CDA2A56FF34003ED9D4 /* GiftRegisterUITests.swift */; };
		27C89CDD2A56FF34003ED9D4 /* GiftRegisterUITestsLaunchTests.swift in Sources */ = {isa = PBXBuildFile; fileRef = 27C89CDC2A56FF34003ED9D4 /* GiftRegisterUITestsLaunchTests.swift */; };
/* End PBXBuildFile section */

/* Begin PBXContainerItemProxy section */
		27C89CCD2A56FF34003ED9D4 /* PBXContainerItemProxy */ = {
			isa = PBXContainerItemProxy;
			containerPortal = 27C89CB42A56FF33003ED9D4 /* Project object */;
			proxyType = 1;
			remoteGlobalIDString = 27C89CBB2A56FF33003ED9D4;
			remoteInfo = GiftRegister;
		};
		27C89CD72A56FF34003ED9D4 /* PBXContainerItemProxy */ = {
			isa = PBXContainerItemProxy;
			containerPortal = 27C89CB42A56FF33003ED9D4 /* Project object */;
			proxyType = 1;
			remoteGlobalIDString = 27C89CBB2A56FF33003ED9D4;
			remoteInfo = GiftRegister;
		};
/* End PBXContainerItemProxy section */

/* Begin PBXFileReference section */
		27C89CBC2A56FF33003ED9D4 /* GiftRegister.app */ = {isa = PBXFileReference; explicitFileType = wrapper.application; includeInIndex = 0; path = GiftRegister.app; sourceTree = BUILT_PRODUCTS_DIR; };
		27C89CBF2A56FF33003ED9D4 /* GiftRegisterApp.swift */ = {isa = PBXFileReference; lastKnownFileType = sourcecode.swift; path = GiftRegisterApp.swift; sourceTree = "<group>"; };
		27C89CC12A56FF33003ED9D4 /* ContentView.swift */ = {isa = PBXFileReference; lastKnownFileType = sourcecode.swift; path = ContentView.swift; sourceTree = "<group>"; };
		27C89CC32A56FF34003ED9D4 /* Assets.xcassets */ = {isa = PBXFileReference; lastKnownFileType = folder.assetcatalog; path = Assets.xcassets; sourceTree = "<group>"; };
		27C89CC62A56FF34003ED9D4 /* Preview Assets.xcassets */ = {isa = PBXFileReference; lastKnownFileType = folder.assetcatalog; path = "Preview Assets.xcassets"; sourceTree = "<group>"; };
		27C89CCC2A56FF34003ED9D4 /* GiftRegisterTests.xctest */ = {isa = PBXFileReference; explicitFileType = wrapper.cfbundle; includeInIndex = 0; path = GiftRegisterTests.xctest; sourceTree = BUILT_PRODUCTS_DIR; };
		27C89CD02A56FF34003ED9D4 /* GiftRegisterTests.swift */ = {isa = PBXFileReference; lastKnownFileType = sourcecode.swift; path = GiftRegisterTests.swift; sourceTree = "<group>"; };
		27C89CD62A56FF34003ED9D4 /* GiftRegisterUITests.xctest */ = {isa = PBXFileReference; explicitFileType = wrapper.cfbundle; includeInIndex = 0; path = GiftRegisterUITests.xctest; sourceTree = BUILT_PRODUCTS_DIR; };
		27C89CDA2A56FF34003ED9D4 /* GiftRegisterUITests.swift */ = {isa = PBXFileReference; lastKnownFileType = sourcecode.swift; path = GiftRegisterUITests.swift; sourceTree = "<group>"; };
		27C89CDC2A56FF34003ED9D4 /* GiftRegisterUITestsLaunchTests.swift */ = {isa = PBXFileReference; lastKnownFileType = sourcecode.swift; path = GiftRegisterUITestsLaunchTests.swift; sourceTree = "<group>"; };
/* End PBXFileReference section */

/* Begin PBXFrameworksBuildPhase section */
		27C89CB92A56FF33003ED9D4 /* Frameworks */ = {
			isa = PBXFrameworksBuildPhase;
			buildActionMask = 2147483647;
			files = (
			);
			runOnlyForDeploymentPostprocessing = 0;
		};
		27C89CC92A56FF34003ED9D4 /* Frameworks */ = {
			isa = PBXFrameworksBuildPhase;
			buildActionMask = 2147483647;
			files = (
			);
			runOnlyForDeploymentPostprocessing = 0;
		};
		27C89CD32A56FF34003ED9D4 /* Frameworks */ = {
			isa = PBXFrameworksBuildPhase;
			buildActionMask = 2147483647;
			files = (
			);
			runOnlyForDeploymentPostprocessing = 0;
		};
/* End PBXFrameworksBuildPhase section */

/* Begin PBXGroup section */
		27C89CB32A56FF33003ED9D4 = {
			isa = PBXGroup;
			children = (
				27C89CBE2A56FF33003ED9D4 /* GiftRegister */,
				27C89CCF2A56FF34003ED9D4 /* GiftRegisterTests */,
				27C89CD92A56FF34003ED9D4 /* GiftRegisterUITests */,
				27C89CBD2A56FF33003ED9D4 /* Products */,
			);
			sourceTree = "<group>";
		};
		27C89CBD2A56FF33003ED9D4 /* Products */ = {
			isa = PBXGroup;
			children = (
				27C89CBC2A56FF33003ED9D4 /* GiftRegister.app */,
				27C89CCC2A56FF34003ED9D4 /* GiftRegisterTests.xctest */,
				27C89CD62A56FF34003ED9D4 /* GiftRegisterUITests.xctest */,
			);
			name = Products;
			sourceTree = "<group>";
		};
		27C89CBE2A56FF33003ED9D4 /* GiftRegister */ = {
			isa = PBXGroup;
			children = (
				27C89CBF2A56FF33003ED9D4 /* GiftRegisterApp.swift */,
				27C89CC12A56FF33003ED9D4 /* ContentView.swift */,
				27C89CC32A56FF34003ED9D4 /* Assets.xcassets */,
				27C89CC52A56FF34003ED9D4 /* Preview Content */,
			);
			path = GiftRegister;
			sourceTree = "<group>";
		};
		27C89CC52A56FF34003ED9D4 /* Preview Content */ = {
			isa = PBXGroup;
			children = (
				27C89CC62A56FF34003ED9D4 /* Preview Assets.xcassets */,
			);
			path = "Preview Content";
			sourceTree = "<group>";
		};
		27C89CCF2A56FF34003ED9D4 /* GiftRegisterTests */ = {
			isa = PBXGroup;
			children = (
				27C89CD02A56FF34003ED9D4 /* GiftRegisterTests.swift */,
			);
			path = GiftRegisterTests;
			sourceTree = "<group>";
		};
		27C89CD92A56FF34003ED9D4 /* GiftRegisterUITests */ = {
			isa = PBXGroup;
			children = (
				27C89CDA2A56FF34003ED9D4 /* GiftRegisterUITests.swift */,
				27C89CDC2A56FF34003ED9D4 /* GiftRegisterUITestsLaunchTests.swift */,
			);
			path = GiftRegisterUITests;
			sourceTree = "<group>";
		};
/* End PBXGroup section */

/* Begin PBXNativeTarget section */
		27C89CBB2A56FF33003ED9D4 /* GiftRegister */ = {
			isa = PBXNativeTarget;
			buildConfigurationList = 27C89CE02A56FF34003ED9D4 /* Build configuration list for PBXNativeTarget "GiftRegister" */;
			buildPhases = (
				27C89CB82A56FF33003ED9D4 /* Sources */,
				27C89CB92A56FF33003ED9D4 /* Frameworks */,
				27C89CBA2A56FF33003ED9D4 /* Resources */,
			);
			buildRules = (
			);
			dependencies = (
			);
			name = GiftRegister;
			productName = GiftRegister;
			productReference = 27C89CBC2A56FF33003ED9D4 /* GiftRegister.app */;
			productType = "com.apple.product-type.application";
		};
		27C89CCB2A56FF34003ED9D4 /* GiftRegisterTests */ = {
			isa = PBXNativeTarget;
			buildConfigurationList = 27C89CE32A56FF34003ED9D4 /* Build configuration list for PBXNativeTarget "GiftRegisterTests" */;
			buildPhases = (
				27C89CC82A56FF34003ED9D4 /* Sources */,
				27C89CC92A56FF34003ED9D4 /* Frameworks */,
				27C89CCA2A56FF34003ED9D4 /* Resources */,
			);
			buildRules = (
			);
			dependencies = (
				27C89CCE2A56FF34003ED9D4 /* PBXTargetDependency */,
			);
			name = GiftRegisterTests;
			productName = GiftRegisterTests;
			productReference = 27C89CCC2A56FF34003ED9D4 /* GiftRegisterTests.xctest */;
			productType = "com.apple.product-type.bundle.unit-test";
		};
		27C89CD52A56FF34003ED9D4 /* GiftRegisterUITests */ = {
			isa = PBXNativeTarget;
			buildConfigurationList = 27C89CE62A56FF34003ED9D4 /* Build configuration list for PBXNativeTarget "GiftRegisterUITests" */;
			buildPhases = (
				27C89CD22A56FF34003ED9D4 /* Sources */,
				27C89CD32A56FF34003ED9D4 /* Frameworks */,
				27C89CD42A56FF34003ED9D4 /* Resources */,
			);
			buildRules = (
			);
			dependencies = (
				27C89CD82A56FF34003ED9D4 /* PBXTargetDependency */,
			);
			name = GiftRegisterUITests;
			productName = GiftRegisterUITests;
			productReference = 27C89CD62A56FF34003ED9D4 /* GiftRegisterUITests.xctest */;
			productType = "com.apple.product-type.bundle.ui-testing";
		};
/* End PBXNativeTarget section */

/* Begin PBXProject section */
		27C89CB42A56FF33003ED9D4 /* Project object */ = {
			isa = PBXProject;
			attributes = {
				BuildIndependentTargetsInParallel = 1;
				LastSwiftUpdateCheck = 1430;
				LastUpgradeCheck = 1430;
				TargetAttributes = {
					27C89CBB2A56FF33003ED9D4 = {
						CreatedOnToolsVersion = 14.3.1;
					};
					27C89CCB2A56FF34003ED9D4 = {
						CreatedOnToolsVersion = 14.3.1;
						TestTargetID = 27C89CBB2A56FF33003ED9D4;
					};
					27C89CD52A56FF34003ED9D4 = {
						CreatedOnToolsVersion = 14.3.1;
						TestTargetID = 27C89CBB2A56FF33003ED9D4;
					};
				};
			};
			buildConfigurationList = 27C89CB72A56FF33003ED9D4 /* Build configuration list for PBXProject "GiftRegister" */;
			compatibilityVersion = "Xcode 14.0";
			developmentRegion = en;
			hasScannedForEncodings = 0;
			knownRegions = (
				en,
				Base,
			);
			mainGroup = 27C89CB32A56FF33003ED9D4;
			productRefGroup = 27C89CBD2A56FF33003ED9D4 /* Products */;
			projectDirPath = "";
			projectRoot = "";
			targets = (
				27C89CBB2A56FF33003ED9D4 /* GiftRegister */,
				27C89CCB2A56FF34003ED9D4 /* GiftRegisterTests */,
				27C89CD52A56FF34003ED9D4 /* GiftRegisterUITests */,
			);
		};
/* End PBXProject section */

/* Begin PBXResourcesBuildPhase section */
		27C89CBA2A56FF33003ED9D4 /* Resources */ = {
			isa = PBXResourcesBuildPhase;
			buildActionMask = 2147483647;
			files = (
				27C89CC72A56FF34003ED9D4 /* Preview Assets.xcassets in Resources */,
				27C89CC42A56FF34003ED9D4 /* Assets.xcassets in Resources */,
			);
			runOnlyForDeploymentPostprocessing = 0;
		};
		27C89CCA2A56FF34003ED9D4 /* Resources */ = {
			isa = PBXResourcesBuildPhase;
			buildActionMask = 2147483647;
			files = (
			);
			runOnlyForDeploymentPostprocessing = 0;
		};
		27C89CD42A56FF34003ED9D4 /* Resources */ = {
			isa = PBXResourcesBuildPhase;
			buildActionMask = 2147483647;
			files = (
			);
			runOnlyForDeploymentPostprocessing = 0;
		};
/* End PBXResourcesBuildPhase section */

/* Begin PBXSourcesBuildPhase section */
		27C89CB82A56FF33003ED9D4 /* Sources */ = {
			isa = PBXSourcesBuildPhase;
			buildActionMask = 2147483647;
			files = (
				27C89CC22A56FF33003ED9D4 /* ContentView.swift in Sources */,
				27C89CC02A56FF33003ED9D4 /* GiftRegisterApp.swift in Sources */,
			);
			runOnlyForDeploymentPostprocessing = 0;
		};
		27C89CC82A56FF34003ED9D4 /* Sources */ = {
			isa = PBXSourcesBuildPhase;
			buildActionMask = 2147483647;
			files = (
				27C89CD12A56FF34003ED9D4 /* GiftRegisterTests.swift in Sources */,
			);
			runOnlyForDeploymentPostprocessing = 0;
		};
		27C89CD22A56FF34003ED9D4 /* Sources */ = {
			isa = PBXSourcesBuildPhase;
			buildActionMask = 2147483647;
			files = (
				27C89CDB2A56FF34003ED9D4 /* GiftRegisterUITests.swift in Sources */,
				27C89CDD2A56FF34003ED9D4 /* GiftRegisterUITestsLaunchTests.swift in Sources */,
			);
			runOnlyForDeploymentPostprocessing = 0;
		};
/* End PBXSourcesBuildPhase section */

/* Begin PBXTargetDependency section */
		27C89CCE2A56FF34003ED9D4 /* PBXTargetDependency */ = {
			isa = PBXTargetDependency;
			target = 27C89CBB2A56FF33003ED9D4 /* GiftRegister */;
			targetProxy = 27C89CCD2A56FF34003ED9D4 /* PBXContainerItemProxy */;
		};
		27C89CD82A56FF34003ED9D4 /* PBXTargetDependency */ = {
			isa = PBXTargetDependency;
			target = 27C89CBB2A56FF33003ED9D4 /* GiftRegister */;
			targetProxy = 27C89CD72A56FF34003ED9D4 /* PBXContainerItemProxy */;
		};
/* End PBXTargetDependency section */

/* Begin XCBuildConfiguration section */
		27C89CDE2A56FF34003ED9D4 /* Debug */ = {
			isa = XCBuildConfiguration;
			buildSettings = {
				ALWAYS_SEARCH_USER_PATHS = NO;
				CLANG_ANALYZER_NONNULL = YES;
				CLANG_ANALYZER_NUMBER_OBJECT_CONVERSION = YES_AGGRESSIVE;
				CLANG_CXX_LANGUAGE_STANDARD = "gnu++20";
				CLANG_ENABLE_MODULES = YES;
				CLANG_ENABLE_OBJC_ARC = YES;
				CLANG_ENABLE_OBJC_WEAK = YES;
				CLANG_WARN_BLOCK_CAPTURE_AUTORELEASING = YES;
				CLANG_WARN_BOOL_CONVERSION = YES;
				CLANG_WARN_COMMA = YES;
				CLANG_WARN_CONSTANT_CONVERSION = YES;
				CLANG_WARN_DEPRECATED_OBJC_IMPLEMENTATIONS = YES;
				CLANG_WARN_DIRECT_OBJC_ISA_USAGE = YES_ERROR;
				CLANG_WARN_DOCUMENTATION_COMMENTS = YES;
				CLANG_WARN_EMPTY_BODY = YES;
				CLANG_WARN_ENUM_CONVERSION = YES;
				CLANG_WARN_INFINITE_RECURSION = YES;
				CLANG_WARN_INT_CONVERSION = YES;
				CLANG_WARN_NON_LITERAL_NULL_CONVERSION = YES;
				CLANG_WARN_OBJC_IMPLICIT_RETAIN_SELF = YES;
				CLANG_WARN_OBJC_LITERAL_CONVERSION = YES;
				CLANG_WARN_OBJC_ROOT_CLASS = YES_ERROR;
				CLANG_WARN_QUOTED_INCLUDE_IN_FRAMEWORK_HEADER = YES;
				CLANG_WARN_RANGE_LOOP_ANALYSIS = YES;
				CLANG_WARN_STRICT_PROTOTYPES = YES;
				CLANG_WARN_SUSPICIOUS_MOVE = YES;
				CLANG_WARN_UNGUARDED_AVAILABILITY = YES_AGGRESSIVE;
				CLANG_WARN_UNREACHABLE_CODE = YES;
				CLANG_WARN__DUPLICATE_METHOD_MATCH = YES;
				COPY_PHASE_STRIP = NO;
				DEBUG_INFORMATION_FORMAT = dwarf;
				ENABLE_STRICT_OBJC_MSGSEND = YES;
				ENABLE_TESTABILITY = YES;
				GCC_C_LANGUAGE_STANDARD = gnu11;
				GCC_DYNAMIC_NO_PIC = NO;
				GCC_NO_COMMON_BLOCKS = YES;
				GCC_OPTIMIZATION_LEVEL = 0;
				GCC_PREPROCESSOR_DEFINITIONS = (
					"DEBUG=1",
					"$(inherited)",
				);
				GCC_WARN_64_TO_32_BIT_CONVERSION = YES;
				GCC_WARN_ABOUT_RETURN_TYPE = YES_ERROR;
				GCC_WARN_UNDECLARED_SELECTOR = YES;
				GCC_WARN_UNINITIALIZED_AUTOS = YES_AGGRESSIVE;
				GCC_WARN_UNUSED_FUNCTION = YES;
				GCC_WARN_UNUSED_VARIABLE = YES;
				IPHONEOS_DEPLOYMENT_TARGET = 16.4;
				MTL_ENABLE_DEBUG_INFO = INCLUDE_SOURCE;
				MTL_FAST_MATH = YES;
				ONLY_ACTIVE_ARCH = YES;
				SDKROOT = iphoneos;
				SWIFT_ACTIVE_COMPILATION_CONDITIONS = DEBUG;
				SWIFT_OPTIMIZATION_LEVEL = "-Onone";
			};
			name = Debug;
		};
		27C89CDF2A56FF34003ED9D4 /* Release */ = {
			isa = XCBuildConfiguration;
			buildSettings = {
				ALWAYS_SEARCH_USER_PATHS = NO;
				CLANG_ANALYZER_NONNULL = YES;
				CLANG_ANALYZER_NUMBER_OBJECT_CONVERSION = YES_AGGRESSIVE;
				CLANG_CXX_LANGUAGE_STANDARD = "gnu++20";
				CLANG_ENABLE_MODULES = YES;
				CLANG_ENABLE_OBJC_ARC = YES;
				CLANG_ENABLE_OBJC_WEAK = YES;
				CLANG_WARN_BLOCK_CAPTURE_AUTORELEASING = YES;
				CLANG_WARN_BOOL_CONVERSION = YES;
				CLANG_WARN_COMMA = YES;
				CLANG_WARN_CONSTANT_CONVERSION = YES;
				CLANG_WARN_DEPRECATED_OBJC_IMPLEMENTATIONS = YES;
				CLANG_WARN_DIRECT_OBJC_ISA_USAGE = YES_ERROR;
				CLANG_WARN_DOCUMENTATION_COMMENTS = YES;
				CLANG_WARN_EMPTY_BODY = YES;
				CLANG_WARN_ENUM_CONVERSION = YES;
				CLANG_WARN_INFINITE_RECURSION = YES;
				CLANG_WARN_INT_CONVERSION = YES;
				CLANG_WARN_NON_LITERAL_NULL_CONVERSION = YES;
				CLANG_WARN_OBJC_IMPLICIT_RETAIN_SELF = YES;
				CLANG_WARN_OBJC_LITERAL_CONVERSION = YES;
				CLANG_WARN_OBJC_ROOT_CLASS = YES_ERROR;
				CLANG_WARN_QUOTED_INCLUDE_IN_FRAMEWORK_HEADER = YES;
				CLANG_WARN_RANGE_LOOP_ANALYSIS = YES;
				CLANG_WARN_STRICT_PROTOTYPES = YES;
				CLANG_WARN_SUSPICIOUS_MOVE = YES;
				CLANG_WARN_UNGUARDED_AVAILABILITY = YES_AGGRESSIVE;
				CLANG_WARN_UNREACHABLE_CODE = YES;
				CLANG_WARN__DUPLICATE_METHOD_MATCH = YES;
				COPY_PHASE_STRIP = NO;
				DEBUG_INFORMATION_FORMAT = "dwarf-with-dsym";
				ENABLE_NS_ASSERTIONS = NO;
				ENABLE_STRICT_OBJC_MSGSEND = YES;
				GCC_C_LANGUAGE_STANDARD = gnu11;
				GCC_NO_COMMON_BLOCKS = YES;
				GCC_WARN_64_TO_32_BIT_CONVERSION = YES;
				GCC_WARN_ABOUT_RETURN_TYPE = YES_ERROR;
				GCC_WARN_UNDECLARED_SELECTOR = YES;
				GCC_WARN_UNINITIALIZED_AUTOS = YES_AGGRESSIVE;
				GCC_WARN_UNUSED_FUNCTION = YES;
				GCC_WARN_UNUSED_VARIABLE = YES;
				IPHONEOS_DEPLOYMENT_TARGET = 16.4;
				MTL_ENABLE_DEBUG_INFO = NO;
				MTL_FAST_MATH = YES;
				SDKROOT = iphoneos;
				SWIFT_COMPILATION_MODE = wholemodule;
				SWIFT_OPTIMIZATION_LEVEL = "-O";
				VALIDATE_PRODUCT = YES;
			};
			name = Release;
		};
		27C89CE12A56FF34003ED9D4 /* Debug */ = {
			isa = XCBuildConfiguration;
			buildSettings = {
				ASSETCATALOG_COMPILER_APPICON_NAME = AppIcon;
				ASSETCATALOG_COMPILER_GLOBAL_ACCENT_COLOR_NAME = AccentColor;
				CODE_SIGN_STYLE = Automatic;
				CURRENT_PROJECT_VERSION = 1;
				DEVELOPMENT_ASSET_PATHS = "\"GiftRegister/Preview Content\"";
				ENABLE_PREVIEWS = YES;
				GENERATE_INFOPLIST_FILE = YES;
				INFOPLIST_KEY_UIApplicationSceneManifest_Generation = YES;
				INFOPLIST_KEY_UIApplicationSupportsIndirectInputEvents = YES;
				INFOPLIST_KEY_UILaunchScreen_Generation = YES;
				INFOPLIST_KEY_UISupportedInterfaceOrientations_iPad = "UIInterfaceOrientationPortrait UIInterfaceOrientationPortraitUpsideDown UIInterfaceOrientationLandscapeLeft UIInterfaceOrientationLandscapeRight";
				INFOPLIST_KEY_UISupportedInterfaceOrientations_iPhone = "UIInterfaceOrientationPortrait UIInterfaceOrientationLandscapeLeft UIInterfaceOrientationLandscapeRight";
				LD_RUNPATH_SEARCH_PATHS = (
					"$(inherited)",
					"@executable_path/Frameworks",
				);
				MARKETING_VERSION = 1.0;
				PRODUCT_BUNDLE_IDENTIFIER = com.techvelai.GiftRegister;
				PRODUCT_NAME = "$(TARGET_NAME)";
				SWIFT_EMIT_LOC_STRINGS = YES;
				SWIFT_VERSION = 5.0;
				TARGETED_DEVICE_FAMILY = "1,2";
			};
			name = Debug;
		};
		27C89CE22A56FF34003ED9D4 /* Release */ = {
			isa = XCBuildConfiguration;
			buildSettings = {
				ASSETCATALOG_COMPILER_APPICON_NAME = AppIcon;
				ASSETCATALOG_COMPILER_GLOBAL_ACCENT_COLOR_NAME = AccentColor;
				CODE_SIGN_STYLE = Automatic;
				CURRENT_PROJECT_VERSION = 1;
				DEVELOPMENT_ASSET_PATHS = "\"GiftRegister/Preview Content\"";
				ENABLE_PREVIEWS = YES;
				GENERATE_INFOPLIST_FILE = YES;
				INFOPLIST_KEY_UIApplicationSceneManifest_Generation = YES;
				INFOPLIST_KEY_UIApplicationSupportsIndirectInputEvents = YES;
				INFOPLIST_KEY_UILaunchScreen_Generation = YES;
				INFOPLIST_KEY_UISupportedInterfaceOrientations_iPad = "UIInterfaceOrientationPortrait UIInterfaceOrientationPortraitUpsideDown UIInterfaceOrientationLandscapeLeft UIInterfaceOrientationLandscapeRight";
				INFOPLIST_KEY_UISupportedInterfaceOrientations_iPhone = "UIInterfaceOrientationPortrait UIInterfaceOrientationLandscapeLeft UIInterfaceOrientationLandscapeRight";
				LD_RUNPATH_SEARCH_PATHS = (
					"$(inherited)",
					"@executable_path/Frameworks",
				);
				MARKETING_VERSION = 1.0;
				PRODUCT_BUNDLE_IDENTIFIER = com.techvelai.GiftRegister;
				PRODUCT_NAME = "$(TARGET_NAME)";
				SWIFT_EMIT_LOC_STRINGS = YES;
				SWIFT_VERSION = 5.0;
				TARGETED_DEVICE_FAMILY = "1,2";
			};
			name = Release;
		};
		27C89CE42A56FF34003ED9D4 /* Debug */ = {
			isa = XCBuildConfiguration;
			buildSettings = {
				ALWAYS_EMBED_SWIFT_STANDARD_LIBRARIES = YES;
				BUNDLE_LOADER = "$(TEST_HOST)";
				CODE_SIGN_STYLE = Automatic;
				CURRENT_PROJECT_VERSION = 1;
				GENERATE_INFOPLIST_FILE = YES;
				IPHONEOS_DEPLOYMENT_TARGET = 16.4;
				MARKETING_VERSION = 1.0;
				PRODUCT_BUNDLE_IDENTIFIER = com.techvelai.GiftRegisterTests;
				PRODUCT_NAME = "$(TARGET_NAME)";
				SWIFT_EMIT_LOC_STRINGS = NO;
				SWIFT_VERSION = 5.0;
				TARGETED_DEVICE_FAMILY = "1,2";
				TEST_HOST = "$(BUILT_PRODUCTS_DIR)/GiftRegister.app/$(BUNDLE_EXECUTABLE_FOLDER_PATH)/GiftRegister";
			};
			name = Debug;
		};
		27C89CE52A56FF34003ED9D4 /* Release */ = {
			isa = XCBuildConfiguration;
			buildSettings = {
				ALWAYS_EMBED_SWIFT_STANDARD_LIBRARIES = YES;
				BUNDLE_LOADER = "$(TEST_HOST)";
				CODE_SIGN_STYLE = Automatic;
				CURRENT_PROJECT_VERSION = 1;
				GENERATE_INFOPLIST_FILE = YES;
				IPHONEOS_DEPLOYMENT_TARGET = 16.4;
				MARKETING_VERSION = 1.0;
				PRODUCT_BUNDLE_IDENTIFIER = com.techvelai.GiftRegisterTests;
				PRODUCT_NAME = "$(TARGET_NAME)";
				SWIFT_EMIT_LOC_STRINGS = NO;
				SWIFT_VERSION = 5.0;
				TARGETED_DEVICE_FAMILY = "1,2";
				TEST_HOST = "$(BUILT_PRODUCTS_DIR)/GiftRegister.app/$(BUNDLE_EXECUTABLE_FOLDER_PATH)/GiftRegister";
			};
			name = Release;
		};
		27C89CE72A56FF34003ED9D4 /* Debug */ = {
			isa = XCBuildConfiguration;
			buildSettings = {
				ALWAYS_EMBED_SWIFT_STANDARD_LIBRARIES = YES;
				CODE_SIGN_STYLE = Automatic;
				CURRENT_PROJECT_VERSION = 1;
				GENERATE_INFOPLIST_FILE = YES;
				MARKETING_VERSION = 1.0;
				PRODUCT_BUNDLE_IDENTIFIER = com.techvelai.GiftRegisterUITests;
				PRODUCT_NAME = "$(TARGET_NAME)";
				SWIFT_EMIT_LOC_STRINGS = NO;
				SWIFT_VERSION = 5.0;
				TARGETED_DEVICE_FAMILY = "1,2";
				TEST_TARGET_NAME = GiftRegister;
			};
			name = Debug;
		};
		27C89CE82A56FF34003ED9D4 /* Release */ = {
			isa = XCBuildConfiguration;
			buildSettings = {
				ALWAYS_EMBED_SWIFT_STANDARD_LIBRARIES = YES;
				CODE_SIGN_STYLE = Automatic;
				CURRENT_PROJECT_VERSION = 1;
				GENERATE_INFOPLIST_FILE = YES;
				MARKETING_VERSION = 1.0;
				PRODUCT_BUNDLE_IDENTIFIER = com.techvelai.GiftRegisterUITests;
				PRODUCT_NAME = "$(TARGET_NAME)";
				SWIFT_EMIT_LOC_STRINGS = NO;
				SWIFT_VERSION = 5.0;
				TARGETED_DEVICE_FAMILY = "1,2";
				TEST_TARGET_NAME = GiftRegister;
			};
			name = Release;
		};
/* End XCBuildConfiguration section */

/* Begin XCConfigurationList section */
		27C89CB72A56FF33003ED9D4 /* Build configuration list for PBXProject "GiftRegister" */ = {
			isa = XCConfigurationList;
			buildConfigurations = (
				27C89CDE2A56FF34003ED9D4 /* Debug */,
				27C89CDF2A56FF34003ED9D4 /* Release */,
			);
			defaultConfigurationIsVisible = 0;
			defaultConfigurationName = Release;
		};
		27C89CE02A56FF34003ED9D4 /* Build configuration list for PBXNativeTarget "GiftRegister" */ = {
			isa = XCConfigurationList;
			buildConfigurations = (
				27C89CE12A56FF34003ED9D4 /* Debug */,
				27C89CE22A56FF34003ED9D4 /* Release */,
			);
			defaultConfigurationIsVisible = 0;
			defaultConfigurationName = Release;
		};
		27C89CE32A56FF34003ED9D4 /* Build configuration list for PBXNativeTarget "GiftRegisterTests" */ = {
			isa = XCConfigurationList;
			buildConfigurations = (
				27C89CE42A56FF34003ED9D4 /* Debug */,
				27C89CE52A56FF34003ED9D4 /* Release */,
			);
			defaultConfigurationIsVisible = 0;
			defaultConfigurationName = Release;
		};
		27C89CE62A56FF34003ED9D4 /* Build configuration list for PBXNativeTarget "GiftRegisterUITests" */ = {
			isa = XCConfigurationList;
			buildConfigurations = (
				27C89CE72A56FF34003ED9D4 /* Debug */,
				27C89CE82A56FF34003ED9D4 /* Release */,
			);
			defaultConfigurationIsVisible = 0;
			defaultConfigurationName = Release;
		};
/* End XCConfigurationList section */
	};
	rootObject = 27C89CB42A56FF33003ED9D4 /* Project object */;
}
